
Microsoft Visual Studio Solution File, Format Version 12.00
Project("{FAE04EC0-301F-11D3-BF4B-00C04F79EFBC}") = "Skillz.Api", "src\Skillz.Api\Skillz.Api.csproj", "{DFA1C7F4-CFE5-472A-A9A0-4FC167067487}"
EndProject
Project("{FAE04EC0-301F-11D3-BF4B-00C04F79EFBC}") = "Skillz.Services", "src\Skillz.Services\Skillz.Services.csproj", "{1CFF7745-1854-4162-99BD-FB1E8CE922A8}"
EndProject
Project("{FAE04EC0-301F-11D3-BF4B-00C04F79EFBC}") = "Skillz.Tests", "src\Skillz.Tests\Skillz.Tests.csproj", "{B17A1A0D-FF40-43C7-9D53-E0BDC96C4192}"
EndProject
Project("{FAE04EC0-301F-11D3-BF4B-00C04F79EFBC}") = "Skillz.Database.Migrations", "src\Skillz.Database.Migrations\Skillz.Database.Migrations.csproj", "{E2813B16-CA68-4139-9743-1DECBBF55C58}"
EndProject
Project("{2150E333-8FDC-42A3-9474-1A3956D46DE8}") = "Solution", "Solution", "{3C4F63A4-8FEF-4C7F-8204-4A0456315CE9}"
EndProject
Project("{2150E333-8FDC-42A3-9474-1A3956D46DE8}") = "Docker", "Docker", "{2A0A39EF-45F9-44FE-84E8-E210E55066F3}"
	ProjectSection(SolutionItems) = preProject
		docker-file\docker-compose.yml = docker-file\docker-compose.yml
	EndProjectSection
EndProject
Global
	GlobalSection(SolutionConfigurationPlatforms) = preSolution
		Debug|Any CPU = Debug|Any CPU
		Release|Any CPU = Release|Any CPU
	EndGlobalSection
	GlobalSection(ProjectConfigurationPlatforms) = postSolution
		{DFA1C7F4-CFE5-472A-A9A0-4FC167067487}.Debug|Any CPU.ActiveCfg = Debug|Any CPU
		{DFA1C7F4-CFE5-472A-A9A0-4FC167067487}.Debug|Any CPU.Build.0 = Debug|Any CPU
		{DFA1C7F4-CFE5-472A-A9A0-4FC167067487}.Release|Any CPU.ActiveCfg = Release|Any CPU
		{DFA1C7F4-CFE5-472A-A9A0-4FC167067487}.Release|Any CPU.Build.0 = Release|Any CPU
		{1CFF7745-1854-4162-99BD-FB1E8CE922A8}.Debug|Any CPU.ActiveCfg = Debug|Any CPU
		{1CFF7745-1854-4162-99BD-FB1E8CE922A8}.Debug|Any CPU.Build.0 = Debug|Any CPU
		{1CFF7745-1854-4162-99BD-FB1E8CE922A8}.Release|Any CPU.ActiveCfg = Release|Any CPU
		{1CFF7745-1854-4162-99BD-FB1E8CE922A8}.Release|Any CPU.Build.0 = Release|Any CPU
		{B17A1A0D-FF40-43C7-9D53-E0BDC96C4192}.Debug|Any CPU.ActiveCfg = Debug|Any CPU
		{B17A1A0D-FF40-43C7-9D53-E0BDC96C4192}.Debug|Any CPU.Build.0 = Debug|Any CPU
		{B17A1A0D-FF40-43C7-9D53-E0BDC96C4192}.Release|Any CPU.ActiveCfg = Release|Any CPU
		{B17A1A0D-FF40-43C7-9D53-E0BDC96C4192}.Release|Any CPU.Build.0 = Release|Any CPU
		{E2813B16-CA68-4139-9743-1DECBBF55C58}.Debug|Any CPU.ActiveCfg = Debug|Any CPU
		{E2813B16-CA68-4139-9743-1DECBBF55C58}.Debug|Any CPU.Build.0 = Debug|Any CPU
		{E2813B16-CA68-4139-9743-1DECBBF55C58}.Release|Any CPU.ActiveCfg = Release|Any CPU
		{E2813B16-CA68-4139-9743-1DECBBF55C58}.Release|Any CPU.Build.0 = Release|Any CPU
	EndGlobalSection
	GlobalSection(NestedProjects) = preSolution
		{2A0A39EF-45F9-44FE-84E8-E210E55066F3} = {3C4F63A4-8FEF-4C7F-8204-4A0456315CE9}
	EndGlobalSection
EndGlobal
